
Microsoft Visual Studio Solution File, Format Version 12.00
# Visual Studio Version 16
VisualStudioVersion = 16.0.30114.105
MinimumVisualStudioVersion = 10.0.40219.1
Project("{FAE04EC0-301F-11D3-BF4B-00C04F79EFBC}") = "ProEventos.Application", "ProEventos.Application\ProEventos.Application.csproj", "{D5832B53-25A2-485A-B64E-F2D833554305}"
EndProject
Project("{FAE04EC0-301F-11D3-BF4B-00C04F79EFBC}") = "ProEventos.Domain", "ProEventos.Domain\ProEventos.Domain.csproj", "{464A9657-AF83-4845-BA78-FE0256BE8DEA}"
EndProject
Project("{FAE04EC0-301F-11D3-BF4B-00C04F79EFBC}") = "ProEventos.API", "ProEventos.Api\ProEventos.API.csproj", "{E8E16506-E29E-4B92-AA34-9DDB8F58B95E}"
EndProject
Project("{FAE04EC0-301F-11D3-BF4B-00C04F79EFBC}") = "ProEventos.Persistence", "ProEventos.Persistence\ProEventos.Persistence.csproj", "{1FB6BAFE-BCD7-492A-8F11-19C5252BDE32}"
EndProject
Global
	GlobalSection(SolutionConfigurationPlatforms) = preSolution
		Debug|Any CPU = Debug|Any CPU
		Debug|x64 = Debug|x64
		Debug|x86 = Debug|x86
		Release|Any CPU = Release|Any CPU
		Release|x64 = Release|x64
		Release|x86 = Release|x86
	EndGlobalSection
	GlobalSection(SolutionProperties) = preSolution
		HideSolutionNode = FALSE
	EndGlobalSection
	GlobalSection(ProjectConfigurationPlatforms) = postSolution
		{D5832B53-25A2-485A-B64E-F2D833554305}.Debug|Any CPU.ActiveCfg = Debug|Any CPU
		{D5832B53-25A2-485A-B64E-F2D833554305}.Debug|Any CPU.Build.0 = Debug|Any CPU
		{D5832B53-25A2-485A-B64E-F2D833554305}.Debug|x64.ActiveCfg = Debug|Any CPU
		{D5832B53-25A2-485A-B64E-F2D833554305}.Debug|x64.Build.0 = Debug|Any CPU
		{D5832B53-25A2-485A-B64E-F2D833554305}.Debug|x86.ActiveCfg = Debug|Any CPU
		{D5832B53-25A2-485A-B64E-F2D833554305}.Debug|x86.Build.0 = Debug|Any CPU
		{D5832B53-25A2-485A-B64E-F2D833554305}.Release|Any CPU.ActiveCfg = Release|Any CPU
		{D5832B53-25A2-485A-B64E-F2D833554305}.Release|Any CPU.Build.0 = Release|Any CPU
		{D5832B53-25A2-485A-B64E-F2D833554305}.Release|x64.ActiveCfg = Release|Any CPU
		{D5832B53-25A2-485A-B64E-F2D833554305}.Release|x64.Build.0 = Release|Any CPU
		{D5832B53-25A2-485A-B64E-F2D833554305}.Release|x86.ActiveCfg = Release|Any CPU
		{D5832B53-25A2-485A-B64E-F2D833554305}.Release|x86.Build.0 = Release|Any CPU
		{464A9657-AF83-4845-BA78-FE0256BE8DEA}.Debug|Any CPU.ActiveCfg = Debug|Any CPU
		{464A9657-AF83-4845-BA78-FE0256BE8DEA}.Debug|Any CPU.Build.0 = Debug|Any CPU
		{464A9657-AF83-4845-BA78-FE0256BE8DEA}.Debug|x64.ActiveCfg = Debug|Any CPU
		{464A9657-AF83-4845-BA78-FE0256BE8DEA}.Debug|x64.Build.0 = Debug|Any CPU
		{464A9657-AF83-4845-BA78-FE0256BE8DEA}.Debug|x86.ActiveCfg = Debug|Any CPU
		{464A9657-AF83-4845-BA78-FE0256BE8DEA}.Debug|x86.Build.0 = Debug|Any CPU
		{464A9657-AF83-4845-BA78-FE0256BE8DEA}.Release|Any CPU.ActiveCfg = Release|Any CPU
		{464A9657-AF83-4845-BA78-FE0256BE8DEA}.Release|Any CPU.Build.0 = Release|Any CPU
		{464A9657-AF83-4845-BA78-FE0256BE8DEA}.Release|x64.ActiveCfg = Release|Any CPU
		{464A9657-AF83-4845-BA78-FE0256BE8DEA}.Release|x64.Build.0 = Release|Any CPU
		{464A9657-AF83-4845-BA78-FE0256BE8DEA}.Release|x86.ActiveCfg = Release|Any CPU
		{464A9657-AF83-4845-BA78-FE0256BE8DEA}.Release|x86.Build.0 = Release|Any CPU
		{E8E16506-E29E-4B92-AA34-9DDB8F58B95E}.Debug|Any CPU.ActiveCfg = Debug|Any CPU
		{E8E16506-E29E-4B92-AA34-9DDB8F58B95E}.Debug|Any CPU.Build.0 = Debug|Any CPU
		{E8E16506-E29E-4B92-AA34-9DDB8F58B95E}.Debug|x64.ActiveCfg = Debug|Any CPU
		{E8E16506-E29E-4B92-AA34-9DDB8F58B95E}.Debug|x64.Build.0 = Debug|Any CPU
		{E8E16506-E29E-4B92-AA34-9DDB8F58B95E}.Debug|x86.ActiveCfg = Debug|Any CPU
		{E8E16506-E29E-4B92-AA34-9DDB8F58B95E}.Debug|x86.Build.0 = Debug|Any CPU
		{E8E16506-E29E-4B92-AA34-9DDB8F58B95E}.Release|Any CPU.ActiveCfg = Release|Any CPU
		{E8E16506-E29E-4B92-AA34-9DDB8F58B95E}.Release|Any CPU.Build.0 = Release|Any CPU
		{E8E16506-E29E-4B92-AA34-9DDB8F58B95E}.Release|x64.ActiveCfg = Release|Any CPU
		{E8E16506-E29E-4B92-AA34-9DDB8F58B95E}.Release|x64.Build.0 = Release|Any CPU
		{E8E16506-E29E-4B92-AA34-9DDB8F58B95E}.Release|x86.ActiveCfg = Release|Any CPU
		{E8E16506-E29E-4B92-AA34-9DDB8F58B95E}.Release|x86.Build.0 = Release|Any CPU
		{1FB6BAFE-BCD7-492A-8F11-19C5252BDE32}.Debug|Any CPU.ActiveCfg = Debug|Any CPU
		{1FB6BAFE-BCD7-492A-8F11-19C5252BDE32}.Debug|Any CPU.Build.0 = Debug|Any CPU
		{1FB6BAFE-BCD7-492A-8F11-19C5252BDE32}.Debug|x64.ActiveCfg = Debug|Any CPU
		{1FB6BAFE-BCD7-492A-8F11-19C5252BDE32}.Debug|x64.Build.0 = Debug|Any CPU
		{1FB6BAFE-BCD7-492A-8F11-19C5252BDE32}.Debug|x86.ActiveCfg = Debug|Any CPU
		{1FB6BAFE-BCD7-492A-8F11-19C5252BDE32}.Debug|x86.Build.0 = Debug|Any CPU
		{1FB6BAFE-BCD7-492A-8F11-19C5252BDE32}.Release|Any CPU.ActiveCfg = Release|Any CPU
		{1FB6BAFE-BCD7-492A-8F11-19C5252BDE32}.Release|Any CPU.Build.0 = Release|Any CPU
		{1FB6BAFE-BCD7-492A-8F11-19C5252BDE32}.Release|x64.ActiveCfg = Release|Any CPU
		{1FB6BAFE-BCD7-492A-8F11-19C5252BDE32}.Release|x64.Build.0 = Release|Any CPU
		{1FB6BAFE-BCD7-492A-8F11-19C5252BDE32}.Release|x86.ActiveCfg = Release|Any CPU
		{1FB6BAFE-BCD7-492A-8F11-19C5252BDE32}.Release|x86.Build.0 = Release|Any CPU
	EndGlobalSection
EndGlobal
